
Microsoft Visual Studio Solution File, Format Version 12.00
# Visual Studio Version 17
VisualStudioVersion = 17.2.32519.379
MinimumVisualStudioVersion = 10.0.40219.1
Project("{9A19103F-16F7-4668-BE54-9A1E7A4F7556}") = "CleanArch.Domain", "CleanArch.Domain\CleanArch.Domain.csproj", "{B961AE43-06D7-4DD6-8D65-2DAFBC4554F1}"
EndProject
Project("{9A19103F-16F7-4668-BE54-9A1E7A4F7556}") = "CleanArch.Application", "CleanArch.Application\CleanArch.Application.csproj", "{6023C3B3-3363-4A16-8186-7BF9F3019644}"
EndProject
Project("{FAE04EC0-301F-11D3-BF4B-00C04F79EFBC}") = "CleanArch.Infra.Data", "CleanArch.Infra.Data\CleanArch.Infra.Data.csproj", "{0D258200-9CAF-4070-AA29-6AFDF0C2C0B8}"
EndProject
Project("{FAE04EC0-301F-11D3-BF4B-00C04F79EFBC}") = "CleanArch.Infra.IoC", "CleanArch.Infra.IoC\CleanArch.Infra.IoC.csproj", "{9C57539F-C599-435F-A519-5679FCDE89B0}"
EndProject
Project("{FAE04EC0-301F-11D3-BF4B-00C04F79EFBC}") = "CleanArch.WebUI", "CleanArch.WebUI\CleanArch.WebUI.csproj", "{6FDF2C17-4566-44D4-8D14-482FE08B7BA6}"
EndProject
Global
	GlobalSection(SolutionConfigurationPlatforms) = preSolution
		Debug|Any CPU = Debug|Any CPU
		Release|Any CPU = Release|Any CPU
	EndGlobalSection
	GlobalSection(ProjectConfigurationPlatforms) = postSolution
		{B961AE43-06D7-4DD6-8D65-2DAFBC4554F1}.Debug|Any CPU.ActiveCfg = Debug|Any CPU
		{B961AE43-06D7-4DD6-8D65-2DAFBC4554F1}.Debug|Any CPU.Build.0 = Debug|Any CPU
		{B961AE43-06D7-4DD6-8D65-2DAFBC4554F1}.Release|Any CPU.ActiveCfg = Release|Any CPU
		{B961AE43-06D7-4DD6-8D65-2DAFBC4554F1}.Release|Any CPU.Build.0 = Release|Any CPU
		{6023C3B3-3363-4A16-8186-7BF9F3019644}.Debug|Any CPU.ActiveCfg = Debug|Any CPU
		{6023C3B3-3363-4A16-8186-7BF9F3019644}.Debug|Any CPU.Build.0 = Debug|Any CPU
		{6023C3B3-3363-4A16-8186-7BF9F3019644}.Release|Any CPU.ActiveCfg = Release|Any CPU
		{6023C3B3-3363-4A16-8186-7BF9F3019644}.Release|Any CPU.Build.0 = Release|Any CPU
		{0D258200-9CAF-4070-AA29-6AFDF0C2C0B8}.Debug|Any CPU.ActiveCfg = Debug|Any CPU
		{0D258200-9CAF-4070-AA29-6AFDF0C2C0B8}.Debug|Any CPU.Build.0 = Debug|Any CPU
		{0D258200-9CAF-4070-AA29-6AFDF0C2C0B8}.Release|Any CPU.ActiveCfg = Release|Any CPU
		{0D258200-9CAF-4070-AA29-6AFDF0C2C0B8}.Release|Any CPU.Build.0 = Release|Any CPU
		{9C57539F-C599-435F-A519-5679FCDE89B0}.Debug|Any CPU.ActiveCfg = Debug|Any CPU
		{9C57539F-C599-435F-A519-5679FCDE89B0}.Debug|Any CPU.Build.0 = Debug|Any CPU
		{9C57539F-C599-435F-A519-5679FCDE89B0}.Release|Any CPU.ActiveCfg = Release|Any CPU
		{9C57539F-C599-435F-A519-5679FCDE89B0}.Release|Any CPU.Build.0 = Release|Any CPU
		{6FDF2C17-4566-44D4-8D14-482FE08B7BA6}.Debug|Any CPU.ActiveCfg = Debug|Any CPU
		{6FDF2C17-4566-44D4-8D14-482FE08B7BA6}.Debug|Any CPU.Build.0 = Debug|Any CPU
		{6FDF2C17-4566-44D4-8D14-482FE08B7BA6}.Release|Any CPU.ActiveCfg = Release|Any CPU
		{6FDF2C17-4566-44D4-8D14-482FE08B7BA6}.Release|Any CPU.Build.0 = Release|Any CPU
	EndGlobalSection
	GlobalSection(SolutionProperties) = preSolution
		HideSolutionNode = FALSE
	EndGlobalSection
	GlobalSection(ExtensibilityGlobals) = postSolution
		SolutionGuid = {2E63FFAC-6724-450D-9291-362B29AAE1F4}
	EndGlobalSection
EndGlobal
